// !$*UTF8*$!
{
	archiveVersion = 1;
	classes = {
	};
	objectVersion = 56;
	objects = {

/* Begin PBXBuildFile section */
		D84FC115296422B60058602B /* AppDelegate.swift in Sources */ = {isa = PBXBuildFile; fileRef = D84FC114296422B60058602B /* AppDelegate.swift */; };
		D84FC117296422B60058602B /* SceneDelegate.swift in Sources */ = {isa = PBXBuildFile; fileRef = D84FC116296422B60058602B /* SceneDelegate.swift */; };
		D84FC119296422B60058602B /* RMTabViewController.swift in Sources */ = {isa = PBXBuildFile; fileRef = D84FC118296422B60058602B /* RMTabViewController.swift */; };
		D84FC11E296422B70058602B /* Assets.xcassets in Resources */ = {isa = PBXBuildFile; fileRef = D84FC11D296422B70058602B /* Assets.xcassets */; };
		D84FC121296422B70058602B /* LaunchScreen.storyboard in Resources */ = {isa = PBXBuildFile; fileRef = D84FC11F296422B70058602B /* LaunchScreen.storyboard */; };
		D84FC1302969C50E0058602B /* RMLocation.swift in Sources */ = {isa = PBXBuildFile; fileRef = D84FC12F2969C50E0058602B /* RMLocation.swift */; };
		D84FC1322969C5250058602B /* RMCharacter.swift in Sources */ = {isa = PBXBuildFile; fileRef = D84FC1312969C5250058602B /* RMCharacter.swift */; };
		D84FC1342969C5350058602B /* RMEpisode.swift in Sources */ = {isa = PBXBuildFile; fileRef = D84FC1332969C5350058602B /* RMEpisode.swift */; };
		D84FC1372969C8200058602B /* RMCharacterViewController.swift in Sources */ = {isa = PBXBuildFile; fileRef = D84FC1362969C8200058602B /* RMCharacterViewController.swift */; };
		D84FC1392969C83C0058602B /* RMLocationViewController.swift in Sources */ = {isa = PBXBuildFile; fileRef = D84FC1382969C83C0058602B /* RMLocationViewController.swift */; };
		D84FC13B2969C8650058602B /* RMEpisodeViewController.swift in Sources */ = {isa = PBXBuildFile; fileRef = D84FC13A2969C8650058602B /* RMEpisodeViewController.swift */; };
		D84FC13D2969C8700058602B /* RMSettingsViewController.swift in Sources */ = {isa = PBXBuildFile; fileRef = D84FC13C2969C8700058602B /* RMSettingsViewController.swift */; };
		D884453229CB641E000DEF64 /* RMGetCharectersResponce.swift in Sources */ = {isa = PBXBuildFile; fileRef = D884453129CB641E000DEF64 /* RMGetCharectersResponce.swift */; };
		D884453429CB78BF000DEF64 /* RMCharacterListViewViewModel.swift in Sources */ = {isa = PBXBuildFile; fileRef = D884453329CB78BF000DEF64 /* RMCharacterListViewViewModel.swift */; };
		D884453629CB7956000DEF64 /* CharacterListView.swift in Sources */ = {isa = PBXBuildFile; fileRef = D884453529CB7956000DEF64 /* CharacterListView.swift */; };
		D884453829CB89E7000DEF64 /* Extensions.swift in Sources */ = {isa = PBXBuildFile; fileRef = D884453729CB89E7000DEF64 /* Extensions.swift */; };
		D884453A29CF26F9000DEF64 /* RMCharacterCollectionViewCell.swift in Sources */ = {isa = PBXBuildFile; fileRef = D884453929CF26F8000DEF64 /* RMCharacterCollectionViewCell.swift */; };
		D884453C29CF2DD1000DEF64 /* RMCharacterCollectionViewCellViewModel.swift in Sources */ = {isa = PBXBuildFile; fileRef = D884453B29CF2DD1000DEF64 /* RMCharacterCollectionViewCellViewModel.swift */; };
		D8C102912980F8160003BE72 /* RMService.swift in Sources */ = {isa = PBXBuildFile; fileRef = D8C102902980F8160003BE72 /* RMService.swift */; };
		D8C102932980F8380003BE72 /* RMRequest.swift in Sources */ = {isa = PBXBuildFile; fileRef = D8C102922980F8380003BE72 /* RMRequest.swift */; };
		D8C10295298129090003BE72 /* RMEndpoint.swift in Sources */ = {isa = PBXBuildFile; fileRef = D8C10294298129090003BE72 /* RMEndpoint.swift */; };
		D8C102972983EABF0003BE72 /* RMOrigin.swift in Sources */ = {isa = PBXBuildFile; fileRef = D8C102962983EABF0003BE72 /* RMOrigin.swift */; };
		D8C102992983EB770003BE72 /* RMSingleLocation.swift in Sources */ = {isa = PBXBuildFile; fileRef = D8C102982983EB770003BE72 /* RMSingleLocation.swift */; };
		D8C1029B2983F36F0003BE72 /* RMCharacterStatus.swift in Sources */ = {isa = PBXBuildFile; fileRef = D8C1029A2983F36F0003BE72 /* RMCharacterStatus.swift */; };
		D8C1029D2983F4550003BE72 /* RMCharacterGender.swift in Sources */ = {isa = PBXBuildFile; fileRef = D8C1029C2983F4550003BE72 /* RMCharacterGender.swift */; };
/* End PBXBuildFile section */

/* Begin PBXFileReference section */
		D84FC111296422B60058602B /* RickAndMorty.app */ = {isa = PBXFileReference; explicitFileType = wrapper.application; includeInIndex = 0; path = RickAndMorty.app; sourceTree = BUILT_PRODUCTS_DIR; };
		D84FC114296422B60058602B /* AppDelegate.swift */ = {isa = PBXFileReference; lastKnownFileType = sourcecode.swift; path = AppDelegate.swift; sourceTree = "<group>"; };
		D84FC116296422B60058602B /* SceneDelegate.swift */ = {isa = PBXFileReference; lastKnownFileType = sourcecode.swift; path = SceneDelegate.swift; sourceTree = "<group>"; };
		D84FC118296422B60058602B /* RMTabViewController.swift */ = {isa = PBXFileReference; lastKnownFileType = sourcecode.swift; path = RMTabViewController.swift; sourceTree = "<group>"; };
		D84FC11D296422B70058602B /* Assets.xcassets */ = {isa = PBXFileReference; lastKnownFileType = folder.assetcatalog; path = Assets.xcassets; sourceTree = "<group>"; };
		D84FC120296422B70058602B /* Base */ = {isa = PBXFileReference; lastKnownFileType = file.storyboard; name = Base; path = Base.lproj/LaunchScreen.storyboard; sourceTree = "<group>"; };
		D84FC122296422B70058602B /* Info.plist */ = {isa = PBXFileReference; lastKnownFileType = text.plist.xml; path = Info.plist; sourceTree = "<group>"; };
		D84FC12F2969C50E0058602B /* RMLocation.swift */ = {isa = PBXFileReference; lastKnownFileType = sourcecode.swift; path = RMLocation.swift; sourceTree = "<group>"; };
		D84FC1312969C5250058602B /* RMCharacter.swift */ = {isa = PBXFileReference; lastKnownFileType = sourcecode.swift; path = RMCharacter.swift; sourceTree = "<group>"; };
		D84FC1332969C5350058602B /* RMEpisode.swift */ = {isa = PBXFileReference; lastKnownFileType = sourcecode.swift; path = RMEpisode.swift; sourceTree = "<group>"; };
		D84FC1362969C8200058602B /* RMCharacterViewController.swift */ = {isa = PBXFileReference; lastKnownFileType = sourcecode.swift; path = RMCharacterViewController.swift; sourceTree = "<group>"; };
		D84FC1382969C83C0058602B /* RMLocationViewController.swift */ = {isa = PBXFileReference; lastKnownFileType = sourcecode.swift; path = RMLocationViewController.swift; sourceTree = "<group>"; };
		D84FC13A2969C8650058602B /* RMEpisodeViewController.swift */ = {isa = PBXFileReference; lastKnownFileType = sourcecode.swift; path = RMEpisodeViewController.swift; sourceTree = "<group>"; };
		D84FC13C2969C8700058602B /* RMSettingsViewController.swift */ = {isa = PBXFileReference; lastKnownFileType = sourcecode.swift; path = RMSettingsViewController.swift; sourceTree = "<group>"; };
		D884453129CB641E000DEF64 /* RMGetCharectersResponce.swift */ = {isa = PBXFileReference; lastKnownFileType = sourcecode.swift; path = RMGetCharectersResponce.swift; sourceTree = "<group>"; };
		D884453329CB78BF000DEF64 /* RMCharacterListViewViewModel.swift */ = {isa = PBXFileReference; lastKnownFileType = sourcecode.swift; path = RMCharacterListViewViewModel.swift; sourceTree = "<group>"; };
		D884453529CB7956000DEF64 /* CharacterListView.swift */ = {isa = PBXFileReference; lastKnownFileType = sourcecode.swift; path = CharacterListView.swift; sourceTree = "<group>"; };
		D884453729CB89E7000DEF64 /* Extensions.swift */ = {isa = PBXFileReference; lastKnownFileType = sourcecode.swift; path = Extensions.swift; sourceTree = "<group>"; };
		D884453929CF26F8000DEF64 /* RMCharacterCollectionViewCell.swift */ = {isa = PBXFileReference; lastKnownFileType = sourcecode.swift; path = RMCharacterCollectionViewCell.swift; sourceTree = "<group>"; };
		D884453B29CF2DD1000DEF64 /* RMCharacterCollectionViewCellViewModel.swift */ = {isa = PBXFileReference; lastKnownFileType = sourcecode.swift; path = RMCharacterCollectionViewCellViewModel.swift; sourceTree = "<group>"; };
		D8C102902980F8160003BE72 /* RMService.swift */ = {isa = PBXFileReference; lastKnownFileType = sourcecode.swift; path = RMService.swift; sourceTree = "<group>"; };
		D8C102922980F8380003BE72 /* RMRequest.swift */ = {isa = PBXFileReference; lastKnownFileType = sourcecode.swift; path = RMRequest.swift; sourceTree = "<group>"; };
		D8C10294298129090003BE72 /* RMEndpoint.swift */ = {isa = PBXFileReference; lastKnownFileType = sourcecode.swift; path = RMEndpoint.swift; sourceTree = "<group>"; };
		D8C102962983EABF0003BE72 /* RMOrigin.swift */ = {isa = PBXFileReference; lastKnownFileType = sourcecode.swift; path = RMOrigin.swift; sourceTree = "<group>"; };
		D8C102982983EB770003BE72 /* RMSingleLocation.swift */ = {isa = PBXFileReference; lastKnownFileType = sourcecode.swift; path = RMSingleLocation.swift; sourceTree = "<group>"; };
		D8C1029A2983F36F0003BE72 /* RMCharacterStatus.swift */ = {isa = PBXFileReference; lastKnownFileType = sourcecode.swift; path = RMCharacterStatus.swift; sourceTree = "<group>"; };
		D8C1029C2983F4550003BE72 /* RMCharacterGender.swift */ = {isa = PBXFileReference; lastKnownFileType = sourcecode.swift; path = RMCharacterGender.swift; sourceTree = "<group>"; };
/* End PBXFileReference section */

/* Begin PBXFrameworksBuildPhase section */
		D84FC10E296422B60058602B /* Frameworks */ = {
			isa = PBXFrameworksBuildPhase;
			buildActionMask = 2147483647;
			files = (
			);
			runOnlyForDeploymentPostprocessing = 0;
		};
/* End PBXFrameworksBuildPhase section */

/* Begin PBXGroup section */
		D84FC108296422B60058602B = {
			isa = PBXGroup;
			children = (
				D84FC113296422B60058602B /* RickAndMorty */,
				D84FC112296422B60058602B /* Products */,
			);
			sourceTree = "<group>";
		};
		D84FC112296422B60058602B /* Products */ = {
			isa = PBXGroup;
			children = (
				D84FC111296422B60058602B /* RickAndMorty.app */,
			);
			name = Products;
			sourceTree = "<group>";
		};
		D84FC113296422B60058602B /* RickAndMorty */ = {
			isa = PBXGroup;
			children = (
				D84FC12E2969C4450058602B /* Resources */,
				D84FC12D2969C43A0058602B /* Managers */,
				D84FC12C2969C41D0058602B /* APIClient */,
				D84FC12B2969C4010058602B /* ViewModels */,
				D84FC12A2969C3F30058602B /* Views */,
				D84FC1292969C3E80058602B /* Models */,
				D84FC1282969C3D50058602B /* Controller */,
				D84FC122296422B70058602B /* Info.plist */,
			);
			path = RickAndMorty;
			sourceTree = "<group>";
		};
		D84FC1282969C3D50058602B /* Controller */ = {
			isa = PBXGroup;
			children = (
				D84FC1352969C7EF0058602B /* core */,
			);
			path = Controller;
			sourceTree = "<group>";
		};
		D84FC1292969C3E80058602B /* Models */ = {
			isa = PBXGroup;
			children = (
				D884453029CB63E0000DEF64 /* APIResponceTypes */,
				D884452F29CB5FE6000DEF64 /* DataTypes */,
			);
			path = Models;
			sourceTree = "<group>";
		};
		D84FC12A2969C3F30058602B /* Views */ = {
			isa = PBXGroup;
			children = (
				D884453529CB7956000DEF64 /* CharacterListView.swift */,
				D884453929CF26F8000DEF64 /* RMCharacterCollectionViewCell.swift */,
			);
			path = Views;
			sourceTree = "<group>";
		};
		D84FC12B2969C4010058602B /* ViewModels */ = {
			isa = PBXGroup;
			children = (
				D884453329CB78BF000DEF64 /* RMCharacterListViewViewModel.swift */,
				D884453B29CF2DD1000DEF64 /* RMCharacterCollectionViewCellViewModel.swift */,
			);
			path = ViewModels;
			sourceTree = "<group>";
		};
		D84FC12C2969C41D0058602B /* APIClient */ = {
			isa = PBXGroup;
			children = (
				D8C102902980F8160003BE72 /* RMService.swift */,
				D8C102922980F8380003BE72 /* RMRequest.swift */,
				D8C10294298129090003BE72 /* RMEndpoint.swift */,
			);
			path = APIClient;
			sourceTree = "<group>";
		};
		D84FC12D2969C43A0058602B /* Managers */ = {
			isa = PBXGroup;
			children = (
			);
			path = Managers;
			sourceTree = "<group>";
		};
		D84FC12E2969C4450058602B /* Resources */ = {
			isa = PBXGroup;
			children = (
				D84FC11D296422B70058602B /* Assets.xcassets */,
				D84FC11F296422B70058602B /* LaunchScreen.storyboard */,
				D84FC114296422B60058602B /* AppDelegate.swift */,
				D84FC116296422B60058602B /* SceneDelegate.swift */,
				D884453729CB89E7000DEF64 /* Extensions.swift */,
			);
			path = Resources;
			sourceTree = "<group>";
		};
		D84FC1352969C7EF0058602B /* core */ = {
			isa = PBXGroup;
			children = (
				D84FC118296422B60058602B /* RMTabViewController.swift */,
				D84FC1362969C8200058602B /* RMCharacterViewController.swift */,
				D84FC1382969C83C0058602B /* RMLocationViewController.swift */,
				D84FC13A2969C8650058602B /* RMEpisodeViewController.swift */,
				D84FC13C2969C8700058602B /* RMSettingsViewController.swift */,
			);
			path = core;
			sourceTree = "<group>";
		};
		D884452F29CB5FE6000DEF64 /* DataTypes */ = {
			isa = PBXGroup;
			children = (
				D84FC12F2969C50E0058602B /* RMLocation.swift */,
				D84FC1312969C5250058602B /* RMCharacter.swift */,
				D84FC1332969C5350058602B /* RMEpisode.swift */,
				D8C102962983EABF0003BE72 /* RMOrigin.swift */,
				D8C102982983EB770003BE72 /* RMSingleLocation.swift */,
				D8C1029A2983F36F0003BE72 /* RMCharacterStatus.swift */,
				D8C1029C2983F4550003BE72 /* RMCharacterGender.swift */,
			);
			path = DataTypes;
			sourceTree = "<group>";
		};
		D884453029CB63E0000DEF64 /* APIResponceTypes */ = {
			isa = PBXGroup;
			children = (
				D884453129CB641E000DEF64 /* RMGetCharectersResponce.swift */,
			);
			path = APIResponceTypes;
			sourceTree = "<group>";
		};
/* End PBXGroup section */

/* Begin PBXNativeTarget section */
		D84FC110296422B60058602B /* RickAndMorty */ = {
			isa = PBXNativeTarget;
			buildConfigurationList = D84FC125296422B70058602B /* Build configuration list for PBXNativeTarget "RickAndMorty" */;
			buildPhases = (
				D84FC10D296422B60058602B /* Sources */,
				D84FC10E296422B60058602B /* Frameworks */,
				D84FC10F296422B60058602B /* Resources */,
			);
			buildRules = (
			);
			dependencies = (
			);
			name = RickAndMorty;
			productName = RickAndMorty;
			productReference = D84FC111296422B60058602B /* RickAndMorty.app */;
			productType = "com.apple.product-type.application";
		};
/* End PBXNativeTarget section */

/* Begin PBXProject section */
		D84FC109296422B60058602B /* Project object */ = {
			isa = PBXProject;
			attributes = {
				BuildIndependentTargetsInParallel = 1;
				LastSwiftUpdateCheck = 1420;
				LastUpgradeCheck = 1420;
				TargetAttributes = {
					D84FC110296422B60058602B = {
						CreatedOnToolsVersion = 14.2;
					};
				};
			};
			buildConfigurationList = D84FC10C296422B60058602B /* Build configuration list for PBXProject "RickAndMorty" */;
			compatibilityVersion = "Xcode 14.0";
			developmentRegion = en;
			hasScannedForEncodings = 0;
			knownRegions = (
				en,
				Base,
			);
			mainGroup = D84FC108296422B60058602B;
			productRefGroup = D84FC112296422B60058602B /* Products */;
			projectDirPath = "";
			projectRoot = "";
			targets = (
				D84FC110296422B60058602B /* RickAndMorty */,
			);
		};
/* End PBXProject section */

/* Begin PBXResourcesBuildPhase section */
		D84FC10F296422B60058602B /* Resources */ = {
			isa = PBXResourcesBuildPhase;
			buildActionMask = 2147483647;
			files = (
				D84FC121296422B70058602B /* LaunchScreen.storyboard in Resources */,
				D84FC11E296422B70058602B /* Assets.xcassets in Resources */,
			);
			runOnlyForDeploymentPostprocessing = 0;
		};
/* End PBXResourcesBuildPhase section */

/* Begin PBXSourcesBuildPhase section */
		D84FC10D296422B60058602B /* Sources */ = {
			isa = PBXSourcesBuildPhase;
			buildActionMask = 2147483647;
			files = (
				D8C102972983EABF0003BE72 /* RMOrigin.swift in Sources */,
				D884453229CB641E000DEF64 /* RMGetCharectersResponce.swift in Sources */,
				D884453629CB7956000DEF64 /* CharacterListView.swift in Sources */,
				D8C102992983EB770003BE72 /* RMSingleLocation.swift in Sources */,
				D8C1029B2983F36F0003BE72 /* RMCharacterStatus.swift in Sources */,
				D8C1029D2983F4550003BE72 /* RMCharacterGender.swift in Sources */,
				D84FC1392969C83C0058602B /* RMLocationViewController.swift in Sources */,
				D84FC1342969C5350058602B /* RMEpisode.swift in Sources */,
				D84FC119296422B60058602B /* RMTabViewController.swift in Sources */,
				D884453A29CF26F9000DEF64 /* RMCharacterCollectionViewCell.swift in Sources */,
				D84FC13B2969C8650058602B /* RMEpisodeViewController.swift in Sources */,
				D84FC115296422B60058602B /* AppDelegate.swift in Sources */,
				D84FC117296422B60058602B /* SceneDelegate.swift in Sources */,
				D84FC13D2969C8700058602B /* RMSettingsViewController.swift in Sources */,
				D884453829CB89E7000DEF64 /* Extensions.swift in Sources */,
				D8C102912980F8160003BE72 /* RMService.swift in Sources */,
				D84FC1302969C50E0058602B /* RMLocation.swift in Sources */,
				D8C10295298129090003BE72 /* RMEndpoint.swift in Sources */,
				D84FC1322969C5250058602B /* RMCharacter.swift in Sources */,
				D884453C29CF2DD1000DEF64 /* RMCharacterCollectionViewCellViewModel.swift in Sources */,
				D8C102932980F8380003BE72 /* RMRequest.swift in Sources */,
				D884453429CB78BF000DEF64 /* RMCharacterListViewViewModel.swift in Sources */,
				D84FC1372969C8200058602B /* RMCharacterViewController.swift in Sources */,
			);
			runOnlyForDeploymentPostprocessing = 0;
		};
/* End PBXSourcesBuildPhase section */

/* Begin PBXVariantGroup section */
		D84FC11F296422B70058602B /* LaunchScreen.storyboard */ = {
			isa = PBXVariantGroup;
			children = (
				D84FC120296422B70058602B /* Base */,
			);
			name = LaunchScreen.storyboard;
			sourceTree = "<group>";
		};
/* End PBXVariantGroup section */

/* Begin XCBuildConfiguration section */
		D84FC123296422B70058602B /* Debug */ = {
			isa = XCBuildConfiguration;
			buildSettings = {
				ALWAYS_SEARCH_USER_PATHS = NO;
				CLANG_ANALYZER_NONNULL = YES;
				CLANG_ANALYZER_NUMBER_OBJECT_CONVERSION = YES_AGGRESSIVE;
				CLANG_CXX_LANGUAGE_STANDARD = "gnu++20";
				CLANG_ENABLE_MODULES = YES;
				CLANG_ENABLE_OBJC_ARC = YES;
				CLANG_ENABLE_OBJC_WEAK = YES;
				CLANG_WARN_BLOCK_CAPTURE_AUTORELEASING = YES;
				CLANG_WARN_BOOL_CONVERSION = YES;
				CLANG_WARN_COMMA = YES;
				CLANG_WARN_CONSTANT_CONVERSION = YES;
				CLANG_WARN_DEPRECATED_OBJC_IMPLEMENTATIONS = YES;
				CLANG_WARN_DIRECT_OBJC_ISA_USAGE = YES_ERROR;
				CLANG_WARN_DOCUMENTATION_COMMENTS = YES;
				CLANG_WARN_EMPTY_BODY = YES;
				CLANG_WARN_ENUM_CONVERSION = YES;
				CLANG_WARN_INFINITE_RECURSION = YES;
				CLANG_WARN_INT_CONVERSION = YES;
				CLANG_WARN_NON_LITERAL_NULL_CONVERSION = YES;
				CLANG_WARN_OBJC_IMPLICIT_RETAIN_SELF = YES;
				CLANG_WARN_OBJC_LITERAL_CONVERSION = YES;
				CLANG_WARN_OBJC_ROOT_CLASS = YES_ERROR;
				CLANG_WARN_QUOTED_INCLUDE_IN_FRAMEWORK_HEADER = YES;
				CLANG_WARN_RANGE_LOOP_ANALYSIS = YES;
				CLANG_WARN_STRICT_PROTOTYPES = YES;
				CLANG_WARN_SUSPICIOUS_MOVE = YES;
				CLANG_WARN_UNGUARDED_AVAILABILITY = YES_AGGRESSIVE;
				CLANG_WARN_UNREACHABLE_CODE = YES;
				CLANG_WARN__DUPLICATE_METHOD_MATCH = YES;
				COPY_PHASE_STRIP = NO;
				DEBUG_INFORMATION_FORMAT = dwarf;
				ENABLE_STRICT_OBJC_MSGSEND = YES;
				ENABLE_TESTABILITY = YES;
				GCC_C_LANGUAGE_STANDARD = gnu11;
				GCC_DYNAMIC_NO_PIC = NO;
				GCC_NO_COMMON_BLOCKS = YES;
				GCC_OPTIMIZATION_LEVEL = 0;
				GCC_PREPROCESSOR_DEFINITIONS = (
					"DEBUG=1",
					"$(inherited)",
				);
				GCC_WARN_64_TO_32_BIT_CONVERSION = YES;
				GCC_WARN_ABOUT_RETURN_TYPE = YES_ERROR;
				GCC_WARN_UNDECLARED_SELECTOR = YES;
				GCC_WARN_UNINITIALIZED_AUTOS = YES_AGGRESSIVE;
				GCC_WARN_UNUSED_FUNCTION = YES;
				GCC_WARN_UNUSED_VARIABLE = YES;
				IPHONEOS_DEPLOYMENT_TARGET = 16.2;
				MTL_ENABLE_DEBUG_INFO = INCLUDE_SOURCE;
				MTL_FAST_MATH = YES;
				ONLY_ACTIVE_ARCH = YES;
				SDKROOT = iphoneos;
				SWIFT_ACTIVE_COMPILATION_CONDITIONS = DEBUG;
				SWIFT_OPTIMIZATION_LEVEL = "-Onone";
			};
			name = Debug;
		};
		D84FC124296422B70058602B /* Release */ = {
			isa = XCBuildConfiguration;
			buildSettings = {
				ALWAYS_SEARCH_USER_PATHS = NO;
				CLANG_ANALYZER_NONNULL = YES;
				CLANG_ANALYZER_NUMBER_OBJECT_CONVERSION = YES_AGGRESSIVE;
				CLANG_CXX_LANGUAGE_STANDARD = "gnu++20";
				CLANG_ENABLE_MODULES = YES;
				CLANG_ENABLE_OBJC_ARC = YES;
				CLANG_ENABLE_OBJC_WEAK = YES;
				CLANG_WARN_BLOCK_CAPTURE_AUTORELEASING = YES;
				CLANG_WARN_BOOL_CONVERSION = YES;
				CLANG_WARN_COMMA = YES;
				CLANG_WARN_CONSTANT_CONVERSION = YES;
				CLANG_WARN_DEPRECATED_OBJC_IMPLEMENTATIONS = YES;
				CLANG_WARN_DIRECT_OBJC_ISA_USAGE = YES_ERROR;
				CLANG_WARN_DOCUMENTATION_COMMENTS = YES;
				CLANG_WARN_EMPTY_BODY = YES;
				CLANG_WARN_ENUM_CONVERSION = YES;
				CLANG_WARN_INFINITE_RECURSION = YES;
				CLANG_WARN_INT_CONVERSION = YES;
				CLANG_WARN_NON_LITERAL_NULL_CONVERSION = YES;
				CLANG_WARN_OBJC_IMPLICIT_RETAIN_SELF = YES;
				CLANG_WARN_OBJC_LITERAL_CONVERSION = YES;
				CLANG_WARN_OBJC_ROOT_CLASS = YES_ERROR;
				CLANG_WARN_QUOTED_INCLUDE_IN_FRAMEWORK_HEADER = YES;
				CLANG_WARN_RANGE_LOOP_ANALYSIS = YES;
				CLANG_WARN_STRICT_PROTOTYPES = YES;
				CLANG_WARN_SUSPICIOUS_MOVE = YES;
				CLANG_WARN_UNGUARDED_AVAILABILITY = YES_AGGRESSIVE;
				CLANG_WARN_UNREACHABLE_CODE = YES;
				CLANG_WARN__DUPLICATE_METHOD_MATCH = YES;
				COPY_PHASE_STRIP = NO;
				DEBUG_INFORMATION_FORMAT = "dwarf-with-dsym";
				ENABLE_NS_ASSERTIONS = NO;
				ENABLE_STRICT_OBJC_MSGSEND = YES;
				GCC_C_LANGUAGE_STANDARD = gnu11;
				GCC_NO_COMMON_BLOCKS = YES;
				GCC_WARN_64_TO_32_BIT_CONVERSION = YES;
				GCC_WARN_ABOUT_RETURN_TYPE = YES_ERROR;
				GCC_WARN_UNDECLARED_SELECTOR = YES;
				GCC_WARN_UNINITIALIZED_AUTOS = YES_AGGRESSIVE;
				GCC_WARN_UNUSED_FUNCTION = YES;
				GCC_WARN_UNUSED_VARIABLE = YES;
				IPHONEOS_DEPLOYMENT_TARGET = 16.2;
				MTL_ENABLE_DEBUG_INFO = NO;
				MTL_FAST_MATH = YES;
				SDKROOT = iphoneos;
				SWIFT_COMPILATION_MODE = wholemodule;
				SWIFT_OPTIMIZATION_LEVEL = "-O";
				VALIDATE_PRODUCT = YES;
			};
			name = Release;
		};
		D84FC126296422B70058602B /* Debug */ = {
			isa = XCBuildConfiguration;
			buildSettings = {
				ASSETCATALOG_COMPILER_APPICON_NAME = AppIcon;
				ASSETCATALOG_COMPILER_GLOBAL_ACCENT_COLOR_NAME = AccentColor;
				CODE_SIGN_STYLE = Automatic;
				CURRENT_PROJECT_VERSION = 1;
				GENERATE_INFOPLIST_FILE = YES;
				INFOPLIST_FILE = RickAndMorty/Info.plist;
				INFOPLIST_KEY_UIApplicationSupportsIndirectInputEvents = YES;
				INFOPLIST_KEY_UILaunchStoryboardName = LaunchScreen;
				INFOPLIST_KEY_UISupportedInterfaceOrientations_iPad = "UIInterfaceOrientationPortrait UIInterfaceOrientationPortraitUpsideDown UIInterfaceOrientationLandscapeLeft UIInterfaceOrientationLandscapeRight";
				INFOPLIST_KEY_UISupportedInterfaceOrientations_iPhone = "UIInterfaceOrientationPortrait UIInterfaceOrientationLandscapeLeft UIInterfaceOrientationLandscapeRight";
				LD_RUNPATH_SEARCH_PATHS = (
					"$(inherited)",
					"@executable_path/Frameworks",
				);
				MARKETING_VERSION = 1.0;
				PRODUCT_BUNDLE_IDENTIFIER = "-.RickAndMorty";
				PRODUCT_NAME = "$(TARGET_NAME)";
				SWIFT_EMIT_LOC_STRINGS = YES;
				SWIFT_VERSION = 5.0;
				TARGETED_DEVICE_FAMILY = "1,2";
			};
			name = Debug;
		};
		D84FC127296422B70058602B /* Release */ = {
			isa = XCBuildConfiguration;
			buildSettings = {
				ASSETCATALOG_COMPILER_APPICON_NAME = AppIcon;
				ASSETCATALOG_COMPILER_GLOBAL_ACCENT_COLOR_NAME = AccentColor;
				CODE_SIGN_STYLE = Automatic;
				CURRENT_PROJECT_VERSION = 1;
				GENERATE_INFOPLIST_FILE = YES;
				INFOPLIST_FILE = RickAndMorty/Info.plist;
				INFOPLIST_KEY_UIApplicationSupportsIndirectInputEvents = YES;
				INFOPLIST_KEY_UILaunchStoryboardName = LaunchScreen;
				INFOPLIST_KEY_UISupportedInterfaceOrientations_iPad = "UIInterfaceOrientationPortrait UIInterfaceOrientationPortraitUpsideDown UIInterfaceOrientationLandscapeLeft UIInterfaceOrientationLandscapeRight";
				INFOPLIST_KEY_UISupportedInterfaceOrientations_iPhone = "UIInterfaceOrientationPortrait UIInterfaceOrientationLandscapeLeft UIInterfaceOrientationLandscapeRight";
				LD_RUNPATH_SEARCH_PATHS = (
					"$(inherited)",
					"@executable_path/Frameworks",
				);
				MARKETING_VERSION = 1.0;
				PRODUCT_BUNDLE_IDENTIFIER = "-.RickAndMorty";
				PRODUCT_NAME = "$(TARGET_NAME)";
				SWIFT_EMIT_LOC_STRINGS = YES;
				SWIFT_VERSION = 5.0;
				TARGETED_DEVICE_FAMILY = "1,2";
			};
			name = Release;
		};
/* End XCBuildConfiguration section */

/* Begin XCConfigurationList section */
		D84FC10C296422B60058602B /* Build configuration list for PBXProject "RickAndMorty" */ = {
			isa = XCConfigurationList;
			buildConfigurations = (
				D84FC123296422B70058602B /* Debug */,
				D84FC124296422B70058602B /* Release */,
			);
			defaultConfigurationIsVisible = 0;
			defaultConfigurationName = Release;
		};
		D84FC125296422B70058602B /* Build configuration list for PBXNativeTarget "RickAndMorty" */ = {
			isa = XCConfigurationList;
			buildConfigurations = (
				D84FC126296422B70058602B /* Debug */,
				D84FC127296422B70058602B /* Release */,
			);
			defaultConfigurationIsVisible = 0;
			defaultConfigurationName = Release;
		};
/* End XCConfigurationList section */
	};
	rootObject = D84FC109296422B60058602B /* Project object */;
}
